
Microsoft Visual Studio Solution File, Format Version 12.00
# Visual Studio Version 16
VisualStudioVersion = 16.0.30114.105
MinimumVisualStudioVersion = 10.0.40219.1
Project("{2150E333-8FDC-42A3-9474-1A3956D46DE8}") = "src", "src", "{7B5B41ED-0FD9-4F24-9BA1-5D1C0D476611}"
EndProject
Project("{FAE04EC0-301F-11D3-BF4B-00C04F79EFBC}") = "Mimisbrunnr.Web.Host", "src\Mimisbrunnr.Web.Host\Mimisbrunnr.Web.Host.csproj", "{84B0F1E6-567E-4136-8D51-E469D460C261}"
EndProject
Project("{FAE04EC0-301F-11D3-BF4B-00C04F79EFBC}") = "Mimisbrunnr.Web", "src\Mimisbrunnr.Web\Mimisbrunnr.Web.csproj", "{70CF2A02-DE33-4E98-9B79-101FE55E9E6F}"
EndProject
Project("{FAE04EC0-301F-11D3-BF4B-00C04F79EFBC}") = "Mimisbrunnr.Wiki", "src\Mimisbrunnr.Wiki\Mimisbrunnr.Wiki.csproj", "{C1294ED4-1559-40C1-A140-E0743156C664}"
EndProject
Project("{FAE04EC0-301F-11D3-BF4B-00C04F79EFBC}") = "Mimisbrunnr.Storage.MongoDb", "src\Mimisbrunnr.Storage.MongoDb\Mimisbrunnr.Storage.MongoDb.csproj", "{08E5C5D6-4920-4016-89B8-9BD83022580C}"
EndProject
Project("{FAE04EC0-301F-11D3-BF4B-00C04F79EFBC}") = "Mimisbrunnr.Users", "src\Mimisbrunnr.Users\Mimisbrunnr.Users.csproj", "{C69EC431-9F8E-4368-AC2C-D1DC8B930573}"
EndProject
Project("{FAE04EC0-301F-11D3-BF4B-00C04F79EFBC}") = "Mimisbrunnr.Web.Infrastructure", "src\Mimisbrunnr.Web.Infrastructure\Mimisbrunnr.Web.Infrastructure.csproj", "{425CCCC9-EDF8-49A5-86CD-B5E268B47C36}"
EndProject
Project("{FAE04EC0-301F-11D3-BF4B-00C04F79EFBC}") = "Mimisbrunnr.Persistent", "src\Mimisbrunnr.Persistent\Mimisbrunnr.Persistent.csproj", "{4FAC90B1-53E3-4CA2-9640-7E5177AA526C}"
EndProject
Project("{2150E333-8FDC-42A3-9474-1A3956D46DE8}") = "Integrations", "Integrations", "{D0911FC6-4386-4B67-8E1D-D708AE0F34AB}"
EndProject
Project("{FAE04EC0-301F-11D3-BF4B-00C04F79EFBC}") = "Mimisbrunnr.Integration", "src\Integration\Mimisbrunnr.Integration\Mimisbrunnr.Integration.csproj", "{BF40E4BA-5F8B-4C4F-967C-4CB7A728BC29}"
EndProject
Project("{2150E333-8FDC-42A3-9474-1A3956D46DE8}") = "Integration", "Integration", "{A67956CF-DC77-4961-877A-140A2C47E19D}"
EndProject
Project("{FAE04EC0-301F-11D3-BF4B-00C04F79EFBC}") = "Mimisbrunnr.Integration.Client", "src\Integration\Mimisbrunnr.Integration.Client\Mimisbrunnr.Integration.Client.csproj", "{194C1349-E7B7-4066-949E-C71F71238481}"
EndProject
Project("{2150E333-8FDC-42A3-9474-1A3956D46DE8}") = "DataImport", "DataImport", "{FB23071D-A3D3-4519-8A7F-BF76826A8BE7}"
EndProject
Project("{FAE04EC0-301F-11D3-BF4B-00C04F79EFBC}") = "Mimisbrunnr.DataImport", "src\DataImport\Mimisbrunnr.DataImport\Mimisbrunnr.DataImport.csproj", "{F5A0057B-E96E-422D-9CC2-E4568A4775B2}"
EndProject
Project("{FAE04EC0-301F-11D3-BF4B-00C04F79EFBC}") = "Mimisbrunnr.DataImport.Confluence", "src\DataImport\Mimisbrunnr.DataImport.Confluence\Mimisbrunnr.DataImport.Confluence.csproj", "{F5D75103-4E53-4514-B228-CA98923B78DC}"
EndProject
Project("{FAE04EC0-301F-11D3-BF4B-00C04F79EFBC}") = "Mimisbrunnr.DataImport.Cli", "src\DataImport\Mimisbrunnr.DataImport.Cli\Mimisbrunnr.DataImport.Cli.csproj", "{9584A06E-3865-446C-9534-FB917583A75B}"
EndProject
Global
	GlobalSection(SolutionConfigurationPlatforms) = preSolution
		Debug|Any CPU = Debug|Any CPU
		Release|Any CPU = Release|Any CPU
	EndGlobalSection
	GlobalSection(SolutionProperties) = preSolution
		HideSolutionNode = FALSE
	EndGlobalSection
	GlobalSection(NestedProjects) = preSolution
		{84B0F1E6-567E-4136-8D51-E469D460C261} = {7B5B41ED-0FD9-4F24-9BA1-5D1C0D476611}
		{70CF2A02-DE33-4E98-9B79-101FE55E9E6F} = {7B5B41ED-0FD9-4F24-9BA1-5D1C0D476611}
		{C1294ED4-1559-40C1-A140-E0743156C664} = {7B5B41ED-0FD9-4F24-9BA1-5D1C0D476611}
		{08E5C5D6-4920-4016-89B8-9BD83022580C} = {7B5B41ED-0FD9-4F24-9BA1-5D1C0D476611}
		{C69EC431-9F8E-4368-AC2C-D1DC8B930573} = {7B5B41ED-0FD9-4F24-9BA1-5D1C0D476611}
		{425CCCC9-EDF8-49A5-86CD-B5E268B47C36} = {7B5B41ED-0FD9-4F24-9BA1-5D1C0D476611}
		{4FAC90B1-53E3-4CA2-9640-7E5177AA526C} = {7B5B41ED-0FD9-4F24-9BA1-5D1C0D476611}
		{D0911FC6-4386-4B67-8E1D-D708AE0F34AB} = {7B5B41ED-0FD9-4F24-9BA1-5D1C0D476611}
		{BF40E4BA-5F8B-4C4F-967C-4CB7A728BC29} = {D0911FC6-4386-4B67-8E1D-D708AE0F34AB}
		{A67956CF-DC77-4961-877A-140A2C47E19D} = {7B5B41ED-0FD9-4F24-9BA1-5D1C0D476611}
		{194C1349-E7B7-4066-949E-C71F71238481} = {A67956CF-DC77-4961-877A-140A2C47E19D}
		{FB23071D-A3D3-4519-8A7F-BF76826A8BE7} = {7B5B41ED-0FD9-4F24-9BA1-5D1C0D476611}
		{F5A0057B-E96E-422D-9CC2-E4568A4775B2} = {FB23071D-A3D3-4519-8A7F-BF76826A8BE7}
		{F5D75103-4E53-4514-B228-CA98923B78DC} = {FB23071D-A3D3-4519-8A7F-BF76826A8BE7}
		{9584A06E-3865-446C-9534-FB917583A75B} = {FB23071D-A3D3-4519-8A7F-BF76826A8BE7}
	EndGlobalSection
	GlobalSection(ProjectConfigurationPlatforms) = postSolution
		{84B0F1E6-567E-4136-8D51-E469D460C261}.Debug|Any CPU.ActiveCfg = Debug|Any CPU
		{84B0F1E6-567E-4136-8D51-E469D460C261}.Debug|Any CPU.Build.0 = Debug|Any CPU
		{84B0F1E6-567E-4136-8D51-E469D460C261}.Release|Any CPU.ActiveCfg = Release|Any CPU
		{84B0F1E6-567E-4136-8D51-E469D460C261}.Release|Any CPU.Build.0 = Release|Any CPU
		{70CF2A02-DE33-4E98-9B79-101FE55E9E6F}.Debug|Any CPU.ActiveCfg = Debug|Any CPU
		{70CF2A02-DE33-4E98-9B79-101FE55E9E6F}.Debug|Any CPU.Build.0 = Debug|Any CPU
		{70CF2A02-DE33-4E98-9B79-101FE55E9E6F}.Release|Any CPU.ActiveCfg = Release|Any CPU
		{70CF2A02-DE33-4E98-9B79-101FE55E9E6F}.Release|Any CPU.Build.0 = Release|Any CPU
		{C1294ED4-1559-40C1-A140-E0743156C664}.Debug|Any CPU.ActiveCfg = Debug|Any CPU
		{C1294ED4-1559-40C1-A140-E0743156C664}.Debug|Any CPU.Build.0 = Debug|Any CPU
		{C1294ED4-1559-40C1-A140-E0743156C664}.Release|Any CPU.ActiveCfg = Release|Any CPU
		{C1294ED4-1559-40C1-A140-E0743156C664}.Release|Any CPU.Build.0 = Release|Any CPU
		{08E5C5D6-4920-4016-89B8-9BD83022580C}.Debug|Any CPU.ActiveCfg = Debug|Any CPU
		{08E5C5D6-4920-4016-89B8-9BD83022580C}.Debug|Any CPU.Build.0 = Debug|Any CPU
		{08E5C5D6-4920-4016-89B8-9BD83022580C}.Release|Any CPU.ActiveCfg = Release|Any CPU
		{08E5C5D6-4920-4016-89B8-9BD83022580C}.Release|Any CPU.Build.0 = Release|Any CPU
		{C69EC431-9F8E-4368-AC2C-D1DC8B930573}.Debug|Any CPU.ActiveCfg = Debug|Any CPU
		{C69EC431-9F8E-4368-AC2C-D1DC8B930573}.Debug|Any CPU.Build.0 = Debug|Any CPU
		{C69EC431-9F8E-4368-AC2C-D1DC8B930573}.Release|Any CPU.ActiveCfg = Release|Any CPU
		{C69EC431-9F8E-4368-AC2C-D1DC8B930573}.Release|Any CPU.Build.0 = Release|Any CPU
		{425CCCC9-EDF8-49A5-86CD-B5E268B47C36}.Debug|Any CPU.ActiveCfg = Debug|Any CPU
		{425CCCC9-EDF8-49A5-86CD-B5E268B47C36}.Debug|Any CPU.Build.0 = Debug|Any CPU
		{425CCCC9-EDF8-49A5-86CD-B5E268B47C36}.Release|Any CPU.ActiveCfg = Release|Any CPU
		{425CCCC9-EDF8-49A5-86CD-B5E268B47C36}.Release|Any CPU.Build.0 = Release|Any CPU
		{4FAC90B1-53E3-4CA2-9640-7E5177AA526C}.Debug|Any CPU.ActiveCfg = Debug|Any CPU
		{4FAC90B1-53E3-4CA2-9640-7E5177AA526C}.Debug|Any CPU.Build.0 = Debug|Any CPU
		{4FAC90B1-53E3-4CA2-9640-7E5177AA526C}.Release|Any CPU.ActiveCfg = Release|Any CPU
		{4FAC90B1-53E3-4CA2-9640-7E5177AA526C}.Release|Any CPU.Build.0 = Release|Any CPU
		{BF40E4BA-5F8B-4C4F-967C-4CB7A728BC29}.Debug|Any CPU.ActiveCfg = Debug|Any CPU
		{BF40E4BA-5F8B-4C4F-967C-4CB7A728BC29}.Debug|Any CPU.Build.0 = Debug|Any CPU
		{BF40E4BA-5F8B-4C4F-967C-4CB7A728BC29}.Release|Any CPU.ActiveCfg = Release|Any CPU
		{BF40E4BA-5F8B-4C4F-967C-4CB7A728BC29}.Release|Any CPU.Build.0 = Release|Any CPU
		{194C1349-E7B7-4066-949E-C71F71238481}.Debug|Any CPU.ActiveCfg = Debug|Any CPU
		{194C1349-E7B7-4066-949E-C71F71238481}.Debug|Any CPU.Build.0 = Debug|Any CPU
		{194C1349-E7B7-4066-949E-C71F71238481}.Release|Any CPU.ActiveCfg = Release|Any CPU
		{194C1349-E7B7-4066-949E-C71F71238481}.Release|Any CPU.Build.0 = Release|Any CPU
		{F5A0057B-E96E-422D-9CC2-E4568A4775B2}.Debug|Any CPU.ActiveCfg = Debug|Any CPU
		{F5A0057B-E96E-422D-9CC2-E4568A4775B2}.Debug|Any CPU.Build.0 = Debug|Any CPU
		{F5A0057B-E96E-422D-9CC2-E4568A4775B2}.Release|Any CPU.ActiveCfg = Release|Any CPU
		{F5A0057B-E96E-422D-9CC2-E4568A4775B2}.Release|Any CPU.Build.0 = Release|Any CPU
		{F5D75103-4E53-4514-B228-CA98923B78DC}.Debug|Any CPU.ActiveCfg = Debug|Any CPU
		{F5D75103-4E53-4514-B228-CA98923B78DC}.Debug|Any CPU.Build.0 = Debug|Any CPU
		{F5D75103-4E53-4514-B228-CA98923B78DC}.Release|Any CPU.ActiveCfg = Release|Any CPU
		{F5D75103-4E53-4514-B228-CA98923B78DC}.Release|Any CPU.Build.0 = Release|Any CPU
		{9584A06E-3865-446C-9534-FB917583A75B}.Debug|Any CPU.ActiveCfg = Debug|Any CPU
		{9584A06E-3865-446C-9534-FB917583A75B}.Debug|Any CPU.Build.0 = Debug|Any CPU
		{9584A06E-3865-446C-9534-FB917583A75B}.Release|Any CPU.ActiveCfg = Release|Any CPU
		{9584A06E-3865-446C-9534-FB917583A75B}.Release|Any CPU.Build.0 = Release|Any CPU
	EndGlobalSection
EndGlobal
